
Microsoft Visual Studio Solution File, Format Version 12.00
# Visual Studio 14
VisualStudioVersion = 14.0.25420.1
MinimumVisualStudioVersion = 10.0.40219.1
Project("{888888A0-9F3D-457C-B088-3A5042F75D52}") = "pytho-demo", "pytho-demo\pytho-demo.pyproj", "{E94ABA52-A6BA-41D9-937A-87F8BF8B4935}"
EndProject
Global
	GlobalSection(SolutionConfigurationPlatforms) = preSolution
		Debug|Any CPU = Debug|Any CPU
		Release|Any CPU = Release|Any CPU
	EndGlobalSection
	GlobalSection(ProjectConfigurationPlatforms) = postSolution
		{E94ABA52-A6BA-41D9-937A-87F8BF8B4935}.Debug|Any CPU.ActiveCfg = Debug|Any CPU
		{E94ABA52-A6BA-41D9-937A-87F8BF8B4935}.Debug|Any CPU.Build.0 = Debug|Any CPU
		{E94ABA52-A6BA-41D9-937A-87F8BF8B4935}.Release|Any CPU.ActiveCfg = Release|Any CPU
		{E94ABA52-A6BA-41D9-937A-87F8BF8B4935}.Release|Any CPU.Build.0 = Release|Any CPU
	EndGlobalSection
	GlobalSection(SolutionProperties) = preSolution
		HideSolutionNode = FALSE
	EndGlobalSection
EndGlobal
